// !$*UTF8*$!
{
	archiveVersion = 1;
	classes = {
	};
	objectVersion = 56;
	objects = {

/* Begin PBXBuildFile section */
		A00000000000000000000258 /* ActView.swift in Sources */ = {isa = PBXBuildFile; fileRef = A00000000000000000000064 /* ActView.swift */; };
		A00000000000000000000283 /* SnapCameraScreen.swift in Sources */ = {isa = PBXBuildFile; fileRef = A00000000000000000000084 /* SnapCameraScreen.swift */; };
		A00000000000000000000284 /* SnapUploader.swift in Sources */ = {isa = PBXBuildFile; fileRef = A00000000000000000000085 /* SnapUploader.swift */; };
		A00000000000000000000285 /* PhotoViewer.swift in Sources */ = {isa = PBXBuildFile; fileRef = A00000000000000000000086 /* PhotoViewer.swift */; };
		A0000000000000000000025A /* ContentView.swift in Sources */ = {isa = PBXBuildFile; fileRef = A00000000000000000000066 /* ContentView.swift */; };
		A0000000000000000000025B /* DeclutterFlowApp.swift in Sources */ = {isa = PBXBuildFile; fileRef = A00000000000000000000067 /* DeclutterFlowApp.swift */; };
		A0000000000000000000025C /* FindView.swift in Sources */ = {isa = PBXBuildFile; fileRef = A00000000000000000000068 /* FindView.swift */; };
		A0000000000000000000025D /* FlowLogic.swift in Sources */ = {isa = PBXBuildFile; fileRef = A00000000000000000000069 /* FlowLogic.swift */; };
		A0000000000000000000025E /* FlowSession.swift in Sources */ = {isa = PBXBuildFile; fileRef = A0000000000000000000006A /* FlowSession.swift */; };
		A0000000000000000000025F /* HomeBaseAPI.swift in Sources */ = {isa = PBXBuildFile; fileRef = A0000000000000000000006B /* HomeBaseAPI.swift */; };
		A00000000000000000000260 /* KeychainStore.swift in Sources */ = {isa = PBXBuildFile; fileRef = A0000000000000000000006C /* KeychainStore.swift */; };
		A00000000000000000000261 /* LocationPicker.swift in Sources */ = {isa = PBXBuildFile; fileRef = A0000000000000000000006D /* LocationPicker.swift */; };
		A00000000000000000000262 /* Models.swift in Sources */ = {isa = PBXBuildFile; fileRef = A0000000000000000000006E /* Models.swift */; };
		A00000000000000000000263 /* PhotoLoader.swift in Sources */ = {isa = PBXBuildFile; fileRef = A0000000000000000000006F /* PhotoLoader.swift */; };
		A00000000000000000000264 /* SettingsStore.swift in Sources */ = {isa = PBXBuildFile; fileRef = A00000000000000000000070 /* SettingsStore.swift */; };
		A00000000000000000000265 /* SettingsView.swift in Sources */ = {isa = PBXBuildFile; fileRef = A00000000000000000000071 /* SettingsView.swift */; };
		A00000000000000000000266 /* SharedUI.swift in Sources */ = {isa = PBXBuildFile; fileRef = A00000000000000000000072 /* SharedUI.swift */; };
		A00000000000000000000267 /* SnapPlaceStore.swift in Sources */ = {isa = PBXBuildFile; fileRef = A00000000000000000000073 /* SnapPlaceStore.swift */; };
		A00000000000000000000268 /* SnapView.swift in Sources */ = {isa = PBXBuildFile; fileRef = A00000000000000000000074 /* SnapView.swift */; };
		A00000000000000000000269 /* SortView.swift in Sources */ = {isa = PBXBuildFile; fileRef = A00000000000000000000075 /* SortView.swift */; };
		A0000000000000000000026A /* TRPCClient.swift in Sources */ = {isa = PBXBuildFile; fileRef = A00000000000000000000076 /* TRPCClient.swift */; };
		A0000000000000000000026B /* Theme.swift in Sources */ = {isa = PBXBuildFile; fileRef = A00000000000000000000077 /* Theme.swift */; };
		A00000000000000000000014 /* Assets.xcassets in Resources */ = {isa = PBXBuildFile; fileRef = A0000000000000000000000A /* Assets.xcassets */; };
		A0000000000000000000026C /* RoomPlanGeometry.swift in Sources */ = {isa = PBXBuildFile; fileRef = A00000000000000000000078 /* RoomPlanGeometry.swift */; };
		A0000000000000000000026D /* RoomCaptureScreen.swift in Sources */ = {isa = PBXBuildFile; fileRef = A00000000000000000000079 /* RoomCaptureScreen.swift */; };
		A0000000000000000000026E /* RoomScanFlow.swift in Sources */ = {isa = PBXBuildFile; fileRef = A0000000000000000000007A /* RoomScanFlow.swift */; };
		A0000000000000000000026F /* FloorPlanView.swift in Sources */ = {isa = PBXBuildFile; fileRef = A0000000000000000000007B /* FloorPlanView.swift */; };
		A00000000000000000000270 /* RoomDetailView.swift in Sources */ = {isa = PBXBuildFile; fileRef = A0000000000000000000007C /* RoomDetailView.swift */; };
		A00000000000000000000290 /* PlanThingSheet.swift in Sources */ = {isa = PBXBuildFile; fileRef = A00000000000000000000090 /* PlanThingSheet.swift */; };
		A00000000000000000000292 /* ThingPhotosStrip.swift in Sources */ = {isa = PBXBuildFile; fileRef = A00000000000000000000092 /* ThingPhotosStrip.swift */; };
		A00000000000000000000291 /* PhotoCropScreen.swift in Sources */ = {isa = PBXBuildFile; fileRef = A00000000000000000000091 /* PhotoCropScreen.swift */; };
		A00000000000000000000280 /* RoomPlan.framework in Frameworks */ = {isa = PBXBuildFile; fileRef = A00000000000000000000080 /* RoomPlan.framework */; };
		A00000000000000000000281 /* ARKit.framework in Frameworks */ = {isa = PBXBuildFile; fileRef = A00000000000000000000081 /* ARKit.framework */; };
		A00000000000000000000282 /* SceneKit.framework in Frameworks */ = {isa = PBXBuildFile; fileRef = A00000000000000000000082 /* SceneKit.framework */; };
/* End PBXBuildFile section */

/* Begin PBXFileReference section */
		A00000000000000000000009 /* DeclutterFlow.app */ = {isa = PBXFileReference; explicitFileType = wrapper.application; includeInIndex = 0; path = DeclutterFlow.app; sourceTree = BUILT_PRODUCTS_DIR; };
		A00000000000000000000064 /* ActView.swift */ = {isa = PBXFileReference; lastKnownFileType = sourcecode.swift; path = ActView.swift; sourceTree = "<group>"; };
		A00000000000000000000084 /* SnapCameraScreen.swift */ = {isa = PBXFileReference; lastKnownFileType = sourcecode.swift; path = SnapCameraScreen.swift; sourceTree = "<group>"; };
		A00000000000000000000085 /* SnapUploader.swift */ = {isa = PBXFileReference; lastKnownFileType = sourcecode.swift; path = SnapUploader.swift; sourceTree = "<group>"; };
		A00000000000000000000086 /* PhotoViewer.swift */ = {isa = PBXFileReference; lastKnownFileType = sourcecode.swift; path = PhotoViewer.swift; sourceTree = "<group>"; };
		A00000000000000000000066 /* ContentView.swift */ = {isa = PBXFileReference; lastKnownFileType = sourcecode.swift; path = ContentView.swift; sourceTree = "<group>"; };
		A00000000000000000000067 /* DeclutterFlowApp.swift */ = {isa = PBXFileReference; lastKnownFileType = sourcecode.swift; path = DeclutterFlowApp.swift; sourceTree = "<group>"; };
		A00000000000000000000068 /* FindView.swift */ = {isa = PBXFileReference; lastKnownFileType = sourcecode.swift; path = FindView.swift; sourceTree = "<group>"; };
		A00000000000000000000069 /* FlowLogic.swift */ = {isa = PBXFileReference; lastKnownFileType = sourcecode.swift; path = FlowLogic.swift; sourceTree = "<group>"; };
		A0000000000000000000006A /* FlowSession.swift */ = {isa = PBXFileReference; lastKnownFileType = sourcecode.swift; path = FlowSession.swift; sourceTree = "<group>"; };
		A0000000000000000000006B /* HomeBaseAPI.swift */ = {isa = PBXFileReference; lastKnownFileType = sourcecode.swift; path = HomeBaseAPI.swift; sourceTree = "<group>"; };
		A0000000000000000000006C /* KeychainStore.swift */ = {isa = PBXFileReference; lastKnownFileType = sourcecode.swift; path = KeychainStore.swift; sourceTree = "<group>"; };
		A0000000000000000000006D /* LocationPicker.swift */ = {isa = PBXFileReference; lastKnownFileType = sourcecode.swift; path = LocationPicker.swift; sourceTree = "<group>"; };
		A0000000000000000000006E /* Models.swift */ = {isa = PBXFileReference; lastKnownFileType = sourcecode.swift; path = Models.swift; sourceTree = "<group>"; };
		A0000000000000000000006F /* PhotoLoader.swift */ = {isa = PBXFileReference; lastKnownFileType = sourcecode.swift; path = PhotoLoader.swift; sourceTree = "<group>"; };
		A00000000000000000000070 /* SettingsStore.swift */ = {isa = PBXFileReference; lastKnownFileType = sourcecode.swift; path = SettingsStore.swift; sourceTree = "<group>"; };
		A00000000000000000000071 /* SettingsView.swift */ = {isa = PBXFileReference; lastKnownFileType = sourcecode.swift; path = SettingsView.swift; sourceTree = "<group>"; };
		A00000000000000000000072 /* SharedUI.swift */ = {isa = PBXFileReference; lastKnownFileType = sourcecode.swift; path = SharedUI.swift; sourceTree = "<group>"; };
		A00000000000000000000073 /* SnapPlaceStore.swift */ = {isa = PBXFileReference; lastKnownFileType = sourcecode.swift; path = SnapPlaceStore.swift; sourceTree = "<group>"; };
		A00000000000000000000074 /* SnapView.swift */ = {isa = PBXFileReference; lastKnownFileType = sourcecode.swift; path = SnapView.swift; sourceTree = "<group>"; };
		A00000000000000000000075 /* SortView.swift */ = {isa = PBXFileReference; lastKnownFileType = sourcecode.swift; path = SortView.swift; sourceTree = "<group>"; };
		A00000000000000000000076 /* TRPCClient.swift */ = {isa = PBXFileReference; lastKnownFileType = sourcecode.swift; path = TRPCClient.swift; sourceTree = "<group>"; };
		A00000000000000000000077 /* Theme.swift */ = {isa = PBXFileReference; lastKnownFileType = sourcecode.swift; path = Theme.swift; sourceTree = "<group>"; };
		A0000000000000000000000A /* Assets.xcassets */ = {isa = PBXFileReference; lastKnownFileType = folder.assetcatalog; path = Assets.xcassets; sourceTree = "<group>"; };
		A0000000000000000000000B /* Info.plist */ = {isa = PBXFileReference; lastKnownFileType = text.plist.xml; path = Info.plist; sourceTree = "<group>"; };
		A00000000000000000000078 /* RoomPlanGeometry.swift */ = {isa = PBXFileReference; lastKnownFileType = sourcecode.swift; path = RoomPlanGeometry.swift; sourceTree = "<group>"; };
		A00000000000000000000079 /* RoomCaptureScreen.swift */ = {isa = PBXFileReference; lastKnownFileType = sourcecode.swift; path = RoomCaptureScreen.swift; sourceTree = "<group>"; };
		A0000000000000000000007A /* RoomScanFlow.swift */ = {isa = PBXFileReference; lastKnownFileType = sourcecode.swift; path = RoomScanFlow.swift; sourceTree = "<group>"; };
		A0000000000000000000007B /* FloorPlanView.swift */ = {isa = PBXFileReference; lastKnownFileType = sourcecode.swift; path = FloorPlanView.swift; sourceTree = "<group>"; };
		A0000000000000000000007C /* RoomDetailView.swift */ = {isa = PBXFileReference; lastKnownFileType = sourcecode.swift; path = RoomDetailView.swift; sourceTree = "<group>"; };
		A00000000000000000000090 /* PlanThingSheet.swift */ = {isa = PBXFileReference; lastKnownFileType = sourcecode.swift; path = PlanThingSheet.swift; sourceTree = "<group>"; };
		A00000000000000000000092 /* ThingPhotosStrip.swift */ = {isa = PBXFileReference; lastKnownFileType = sourcecode.swift; path = ThingPhotosStrip.swift; sourceTree = "<group>"; };
		A00000000000000000000091 /* PhotoCropScreen.swift */ = {isa = PBXFileReference; lastKnownFileType = sourcecode.swift; path = PhotoCropScreen.swift; sourceTree = "<group>"; };
		A00000000000000000000080 /* RoomPlan.framework */ = {isa = PBXFileReference; lastKnownFileType = wrapper.framework; name = RoomPlan.framework; path = System/Library/Frameworks/RoomPlan.framework; sourceTree = SDKROOT; };
		A00000000000000000000081 /* ARKit.framework */ = {isa = PBXFileReference; lastKnownFileType = wrapper.framework; name = ARKit.framework; path = System/Library/Frameworks/ARKit.framework; sourceTree = SDKROOT; };
		A00000000000000000000082 /* SceneKit.framework */ = {isa = PBXFileReference; lastKnownFileType = wrapper.framework; name = SceneKit.framework; path = System/Library/Frameworks/SceneKit.framework; sourceTree = SDKROOT; };
/* End PBXFileReference section */

/* Begin PBXFrameworksBuildPhase section */
		A00000000000000000000005 /* Frameworks */ = {
			isa = PBXFrameworksBuildPhase;
			buildActionMask = 2147483647;
			files = (
				A00000000000000000000280 /* RoomPlan.framework in Frameworks */,
				A00000000000000000000281 /* ARKit.framework in Frameworks */,
				A00000000000000000000282 /* SceneKit.framework in Frameworks */,
			);
			runOnlyForDeploymentPostprocessing = 0;
		};
/* End PBXFrameworksBuildPhase section */

/* Begin PBXGroup section */
		A00000000000000000000006 = {
			isa = PBXGroup;
			children = (
				A00000000000000000000008 /* DeclutterFlow */,
				A00000000000000000000007 /* Products */,
				A00000000000000000000083 /* Frameworks */,
			);
			sourceTree = "<group>";
		};
		A00000000000000000000007 /* Products */ = {
			isa = PBXGroup;
			children = (
				A00000000000000000000009 /* DeclutterFlow.app */,
			);
			name = Products;
			sourceTree = "<group>";
		};
		A00000000000000000000008 /* DeclutterFlow */ = {
			isa = PBXGroup;
			children = (
				A00000000000000000000064 /* ActView.swift */,
				A00000000000000000000066 /* ContentView.swift */,
				A00000000000000000000067 /* DeclutterFlowApp.swift */,
				A00000000000000000000068 /* FindView.swift */,
				A00000000000000000000069 /* FlowLogic.swift */,
				A0000000000000000000006A /* FlowSession.swift */,
				A0000000000000000000006B /* HomeBaseAPI.swift */,
				A0000000000000000000006C /* KeychainStore.swift */,
				A0000000000000000000006D /* LocationPicker.swift */,
				A0000000000000000000006E /* Models.swift */,
				A0000000000000000000006F /* PhotoLoader.swift */,
				A00000000000000000000070 /* SettingsStore.swift */,
				A00000000000000000000071 /* SettingsView.swift */,
				A00000000000000000000072 /* SharedUI.swift */,
				A00000000000000000000073 /* SnapPlaceStore.swift */,
				A00000000000000000000074 /* SnapView.swift */,
				A00000000000000000000084 /* SnapCameraScreen.swift */,
				A00000000000000000000085 /* SnapUploader.swift */,
				A00000000000000000000086 /* PhotoViewer.swift */,
				A00000000000000000000075 /* SortView.swift */,
				A00000000000000000000076 /* TRPCClient.swift */,
				A00000000000000000000077 /* Theme.swift */,
				A00000000000000000000078 /* RoomPlanGeometry.swift */,
				A00000000000000000000079 /* RoomCaptureScreen.swift */,
				A0000000000000000000007A /* RoomScanFlow.swift */,
				A0000000000000000000007B /* FloorPlanView.swift */,
				A0000000000000000000007C /* RoomDetailView.swift */,
				A00000000000000000000090 /* PlanThingSheet.swift */,
				A00000000000000000000092 /* ThingPhotosStrip.swift */,
				A00000000000000000000091 /* PhotoCropScreen.swift */,
				A0000000000000000000000A /* Assets.xcassets */,
				A0000000000000000000000B /* Info.plist */,
			);
			path = DeclutterFlow;
			sourceTree = "<group>";
		};
		A00000000000000000000083 /* Frameworks */ = {
			isa = PBXGroup;
			children = (
				A00000000000000000000080 /* RoomPlan.framework */,
				A00000000000000000000081 /* ARKit.framework */,
				A00000000000000000000082 /* SceneKit.framework */,
			);
			name = Frameworks;
			sourceTree = "<group>";
		};
/* End PBXGroup section */

/* Begin PBXNativeTarget section */
		A00000000000000000000002 /* DeclutterFlow */ = {
			isa = PBXNativeTarget;
			buildConfigurationList = A0000000000000000000000D /* Build configuration list for PBXNativeTarget "DeclutterFlow" */;
			buildPhases = (
				A00000000000000000000003 /* Sources */,
				A00000000000000000000005 /* Frameworks */,
				A00000000000000000000004 /* Resources */,
			);
			buildRules = (
			);
			dependencies = (
			);
			name = DeclutterFlow;
			productName = DeclutterFlow;
			productReference = A00000000000000000000009 /* DeclutterFlow.app */;
			productType = "com.apple.product-type.application";
		};
/* End PBXNativeTarget section */

/* Begin PBXProject section */
		A00000000000000000000001 /* Project object */ = {
			isa = PBXProject;
			attributes = {
				BuildIndependentTargetsInParallel = 1;
				LastSwiftUpdateCheck = 1500;
				LastUpgradeCheck = 1500;
				TargetAttributes = {
					A00000000000000000000002 = {
						CreatedOnToolsVersion = 15.0;
					};
				};
			};
			buildConfigurationList = A0000000000000000000000C /* Build configuration list for PBXProject "DeclutterFlow" */;
			compatibilityVersion = "Xcode 14.0";
			developmentRegion = en;
			hasScannedForEncodings = 0;
			knownRegions = (
				en,
				Base,
			);
			mainGroup = A00000000000000000000006;
			productRefGroup = A00000000000000000000007 /* Products */;
			projectDirPath = "";
			projectRoot = "";
			targets = (
				A00000000000000000000002 /* DeclutterFlow */,
			);
		};
/* End PBXProject section */

/* Begin PBXResourcesBuildPhase section */
		A00000000000000000000004 /* Resources */ = {
			isa = PBXResourcesBuildPhase;
			buildActionMask = 2147483647;
			files = (
				A00000000000000000000014 /* Assets.xcassets in Resources */,
			);
			runOnlyForDeploymentPostprocessing = 0;
		};
/* End PBXResourcesBuildPhase section */

/* Begin PBXSourcesBuildPhase section */
		A00000000000000000000003 /* Sources */ = {
			isa = PBXSourcesBuildPhase;
			buildActionMask = 2147483647;
			files = (
				A00000000000000000000258 /* ActView.swift in Sources */,
				A0000000000000000000025A /* ContentView.swift in Sources */,
				A0000000000000000000025B /* DeclutterFlowApp.swift in Sources */,
				A0000000000000000000025C /* FindView.swift in Sources */,
				A0000000000000000000025D /* FlowLogic.swift in Sources */,
				A0000000000000000000025E /* FlowSession.swift in Sources */,
				A0000000000000000000025F /* HomeBaseAPI.swift in Sources */,
				A00000000000000000000260 /* KeychainStore.swift in Sources */,
				A00000000000000000000261 /* LocationPicker.swift in Sources */,
				A00000000000000000000262 /* Models.swift in Sources */,
				A00000000000000000000263 /* PhotoLoader.swift in Sources */,
				A00000000000000000000264 /* SettingsStore.swift in Sources */,
				A00000000000000000000265 /* SettingsView.swift in Sources */,
				A00000000000000000000266 /* SharedUI.swift in Sources */,
				A00000000000000000000267 /* SnapPlaceStore.swift in Sources */,
				A00000000000000000000268 /* SnapView.swift in Sources */,
				A00000000000000000000283 /* SnapCameraScreen.swift in Sources */,
				A00000000000000000000284 /* SnapUploader.swift in Sources */,
				A00000000000000000000285 /* PhotoViewer.swift in Sources */,
				A00000000000000000000269 /* SortView.swift in Sources */,
				A0000000000000000000026A /* TRPCClient.swift in Sources */,
				A0000000000000000000026B /* Theme.swift in Sources */,
				A0000000000000000000026C /* RoomPlanGeometry.swift in Sources */,
				A0000000000000000000026D /* RoomCaptureScreen.swift in Sources */,
				A0000000000000000000026E /* RoomScanFlow.swift in Sources */,
				A0000000000000000000026F /* FloorPlanView.swift in Sources */,
				A00000000000000000000270 /* RoomDetailView.swift in Sources */,
				A00000000000000000000290 /* PlanThingSheet.swift in Sources */,
				A00000000000000000000292 /* ThingPhotosStrip.swift in Sources */,
				A00000000000000000000291 /* PhotoCropScreen.swift in Sources */,
			);
			runOnlyForDeploymentPostprocessing = 0;
		};
/* End PBXSourcesBuildPhase section */

/* Begin XCBuildConfiguration section */
		A0000000000000000000000E /* Debug */ = {
			isa = XCBuildConfiguration;
			buildSettings = {

				ALWAYS_SEARCH_USER_PATHS = NO;
				CLANG_ANALYZER_NONNULL = YES;
				CLANG_ANALYZER_NUMBER_OBJECT_CONVERSION = YES_AGGRESSIVE;
				CLANG_CXX_LANGUAGE_STANDARD = "gnu++20";
				CLANG_ENABLE_MODULES = YES;
				CLANG_ENABLE_OBJC_ARC = YES;
				CLANG_ENABLE_OBJC_WEAK = YES;
				CLANG_WARN_BLOCK_CAPTURE_AUTORELEASING = YES;
				CLANG_WARN_BOOL_CONVERSION = YES;
				CLANG_WARN_COMMA = YES;
				CLANG_WARN_CONSTANT_CONVERSION = YES;
				CLANG_WARN_DEPRECATED_OBJC_IMPLEMENTATIONS = YES;
				CLANG_WARN_DIRECT_OBJC_ISA_USAGE = YES_ERROR;
				CLANG_WARN_DOCUMENTATION_COMMENTS = YES;
				CLANG_WARN_EMPTY_BODY = YES;
				CLANG_WARN_ENUM_CONVERSION = YES;
				CLANG_WARN_INFINITE_RECURSION = YES;
				CLANG_WARN_INT_CONVERSION = YES;
				CLANG_WARN_NON_LITERAL_NULL_CONVERSION = YES;
				CLANG_WARN_OBJC_IMPLICIT_RETAIN_SELF = YES;
				CLANG_WARN_OBJC_LITERAL_CONVERSION = YES;
				CLANG_WARN_OBJC_ROOT_CLASS = YES_ERROR;
				CLANG_WARN_QUOTED_INCLUDE_IN_FRAMEWORK_HEADER = YES;
				CLANG_WARN_RANGE_LOOP_ANALYSIS = YES;
				CLANG_WARN_STRICT_PROTOTYPES = YES;
				CLANG_WARN_SUSPICIOUS_MOVE = YES;
				CLANG_WARN_UNGUARDED_AVAILABILITY = YES_AGGRESSIVE;
				CLANG_WARN_UNREACHABLE_CODE = YES;
				CLANG_WARN__DUPLICATE_METHOD_MATCH = YES;
				COPY_PHASE_STRIP = NO;
				DEBUG_INFORMATION_FORMAT = dwarf;
				ENABLE_STRICT_OBJC_MSGSEND = YES;
				ENABLE_TESTABILITY = YES;
				GCC_C_LANGUAGE_STANDARD = gnu17;
				GCC_DYNAMIC_NO_PIC = NO;
				GCC_NO_COMMON_BLOCKS = YES;
				GCC_WARN_64_TO_32_BIT_CONVERSION = YES;
				GCC_WARN_ABOUT_RETURN_TYPE = YES_ERROR;
				GCC_WARN_UNDECLARED_SELECTOR = YES;
				GCC_WARN_UNINITIALIZED_AUTOS = YES_AGGRESSIVE;
				GCC_WARN_UNUSED_FUNCTION = YES;
				GCC_WARN_UNUSED_VARIABLE = YES;
				IPHONEOS_DEPLOYMENT_TARGET = 17.0;
				MTL_ENABLE_DEBUG_INFO = INCLUDE_SOURCE;
				SDKROOT = iphoneos;
				SWIFT_ACTIVE_COMPILATION_CONDITIONS = "DEBUG $(inherited)";
				SWIFT_OPTIMIZATION_LEVEL = "-Onone";
			};
			name = Debug;
		};
		A0000000000000000000000F /* Release */ = {
			isa = XCBuildConfiguration;
			buildSettings = {

				ALWAYS_SEARCH_USER_PATHS = NO;
				CLANG_ANALYZER_NONNULL = YES;
				CLANG_ANALYZER_NUMBER_OBJECT_CONVERSION = YES_AGGRESSIVE;
				CLANG_CXX_LANGUAGE_STANDARD = "gnu++20";
				CLANG_ENABLE_MODULES = YES;
				CLANG_ENABLE_OBJC_ARC = YES;
				CLANG_ENABLE_OBJC_WEAK = YES;
				CLANG_WARN_BLOCK_CAPTURE_AUTORELEASING = YES;
				CLANG_WARN_BOOL_CONVERSION = YES;
				CLANG_WARN_COMMA = YES;
				CLANG_WARN_CONSTANT_CONVERSION = YES;
				CLANG_WARN_DEPRECATED_OBJC_IMPLEMENTATIONS = YES;
				CLANG_WARN_DIRECT_OBJC_ISA_USAGE = YES_ERROR;
				CLANG_WARN_DOCUMENTATION_COMMENTS = YES;
				CLANG_WARN_EMPTY_BODY = YES;
				CLANG_WARN_ENUM_CONVERSION = YES;
				CLANG_WARN_INFINITE_RECURSION = YES;
				CLANG_WARN_INT_CONVERSION = YES;
				CLANG_WARN_NON_LITERAL_NULL_CONVERSION = YES;
				CLANG_WARN_OBJC_IMPLICIT_RETAIN_SELF = YES;
				CLANG_WARN_OBJC_LITERAL_CONVERSION = YES;
				CLANG_WARN_OBJC_ROOT_CLASS = YES_ERROR;
				CLANG_WARN_QUOTED_INCLUDE_IN_FRAMEWORK_HEADER = YES;
				CLANG_WARN_RANGE_LOOP_ANALYSIS = YES;
				CLANG_WARN_STRICT_PROTOTYPES = YES;
				CLANG_WARN_SUSPICIOUS_MOVE = YES;
				CLANG_WARN_UNGUARDED_AVAILABILITY = YES_AGGRESSIVE;
				CLANG_WARN_UNREACHABLE_CODE = YES;
				CLANG_WARN__DUPLICATE_METHOD_MATCH = YES;
				COPY_PHASE_STRIP = NO;
				DEBUG_INFORMATION_FORMAT = "dwarf-with-dsym";
				ENABLE_NS_ASSERTIONS = NO;
				ENABLE_STRICT_OBJC_MSGSEND = YES;
				GCC_C_LANGUAGE_STANDARD = gnu17;
				GCC_NO_COMMON_BLOCKS = YES;
				GCC_WARN_64_TO_32_BIT_CONVERSION = YES;
				GCC_WARN_ABOUT_RETURN_TYPE = YES_ERROR;
				GCC_WARN_UNDECLARED_SELECTOR = YES;
				GCC_WARN_UNINITIALIZED_AUTOS = YES_AGGRESSIVE;
				GCC_WARN_UNUSED_FUNCTION = YES;
				GCC_WARN_UNUSED_VARIABLE = YES;
				IPHONEOS_DEPLOYMENT_TARGET = 17.0;
				MTL_ENABLE_DEBUG_INFO = NO;
				SDKROOT = iphoneos;
				SWIFT_COMPILATION_MODE = wholemodule;
				VALIDATE_PRODUCT = YES;
			};
			name = Release;
		};
		A00000000000000000000010 /* Debug */ = {
			isa = XCBuildConfiguration;
			buildSettings = {

				ASSETCATALOG_COMPILER_APPICON_NAME = AppIcon;
				ASSETCATALOG_COMPILER_GLOBAL_ACCENT_COLOR_NAME = AccentColor;
				CODE_SIGN_STYLE = Automatic;
				CURRENT_PROJECT_VERSION = 1;
				DEVELOPMENT_TEAM = "";
				ENABLE_PREVIEWS = YES;
				GENERATE_INFOPLIST_FILE = YES;
				INFOPLIST_FILE = DeclutterFlow/Info.plist;
				INFOPLIST_KEY_CFBundleDisplayName = Flow;
				INFOPLIST_KEY_LSApplicationCategoryType = "public.app-category.productivity";
				INFOPLIST_KEY_UIApplicationSupportsIndirectInputEvents = YES;
				INFOPLIST_KEY_UILaunchScreen_Generation = YES;
				INFOPLIST_KEY_UISupportedInterfaceOrientations = UIInterfaceOrientationPortrait;
				LD_RUNPATH_SEARCH_PATHS = (
					"$(inherited)",
					"@executable_path/Frameworks",
				);
				MARKETING_VERSION = 1.0;
				PRODUCT_BUNDLE_IDENTIFIER = com.homebase.DeclutterFlow;
				PRODUCT_NAME = "$(TARGET_NAME)";
				SUPPORTED_PLATFORMS = "iphoneos iphonesimulator";
				SUPPORTS_MACCATALYST = NO;
				SWIFT_EMIT_LOC_STRINGS = YES;
				SWIFT_STRICT_CONCURRENCY = targeted;
				SWIFT_VERSION = 5.0;
				TARGETED_DEVICE_FAMILY = 1;
			};
			name = Debug;
		};
		A00000000000000000000011 /* Release */ = {
			isa = XCBuildConfiguration;
			buildSettings = {

				ASSETCATALOG_COMPILER_APPICON_NAME = AppIcon;
				ASSETCATALOG_COMPILER_GLOBAL_ACCENT_COLOR_NAME = AccentColor;
				CODE_SIGN_STYLE = Automatic;
				CURRENT_PROJECT_VERSION = 1;
				DEVELOPMENT_TEAM = "";
				ENABLE_PREVIEWS = YES;
				GENERATE_INFOPLIST_FILE = YES;
				INFOPLIST_FILE = DeclutterFlow/Info.plist;
				INFOPLIST_KEY_CFBundleDisplayName = Flow;
				INFOPLIST_KEY_LSApplicationCategoryType = "public.app-category.productivity";
				INFOPLIST_KEY_UIApplicationSupportsIndirectInputEvents = YES;
				INFOPLIST_KEY_UILaunchScreen_Generation = YES;
				INFOPLIST_KEY_UISupportedInterfaceOrientations = UIInterfaceOrientationPortrait;
				LD_RUNPATH_SEARCH_PATHS = (
					"$(inherited)",
					"@executable_path/Frameworks",
				);
				MARKETING_VERSION = 1.0;
				PRODUCT_BUNDLE_IDENTIFIER = com.homebase.DeclutterFlow;
				PRODUCT_NAME = "$(TARGET_NAME)";
				SUPPORTED_PLATFORMS = "iphoneos iphonesimulator";
				SUPPORTS_MACCATALYST = NO;
				SWIFT_EMIT_LOC_STRINGS = YES;
				SWIFT_STRICT_CONCURRENCY = targeted;
				SWIFT_VERSION = 5.0;
				TARGETED_DEVICE_FAMILY = 1;
			};
			name = Release;
		};
/* End XCBuildConfiguration section */

/* Begin XCConfigurationList section */
		A0000000000000000000000C /* Build configuration list for PBXProject "DeclutterFlow" */ = {
			isa = XCConfigurationList;
			buildConfigurations = (
				A0000000000000000000000E /* Debug */,
				A0000000000000000000000F /* Release */,
			);
			defaultConfigurationIsVisible = 0;
			defaultConfigurationName = Release;
		};
		A0000000000000000000000D /* Build configuration list for PBXNativeTarget "DeclutterFlow" */ = {
			isa = XCConfigurationList;
			buildConfigurations = (
				A00000000000000000000010 /* Debug */,
				A00000000000000000000011 /* Release */,
			);
			defaultConfigurationIsVisible = 0;
			defaultConfigurationName = Release;
		};
/* End XCConfigurationList section */
	};
	rootObject = A00000000000000000000001 /* Project object */;
}
